
Microsoft Visual Studio Solution File, Format Version 12.00
# Visual Studio Version 17
VisualStudioVersion = 17.1.32228.430
MinimumVisualStudioVersion = 10.0.40219.1
Project("{FAE04EC0-301F-11D3-BF4B-00C04F79EFBC}") = "ConsoleForTests", "ConsoleForTests\ConsoleForTests.csproj", "{056A4A17-AB4D-402A-B4EC-C0FAF90459B9}"
EndProject
Project("{FAE04EC0-301F-11D3-BF4B-00C04F79EFBC}") = "MyArrayList", "MyArrayList\MyArrayList.csproj", "{21AD27AE-E3CC-47F6-AC82-41A7A05EBE1D}"
EndProject
Global
	GlobalSection(SolutionConfigurationPlatforms) = preSolution
		Debug|Any CPU = Debug|Any CPU
		Release|Any CPU = Release|Any CPU
	EndGlobalSection
	GlobalSection(ProjectConfigurationPlatforms) = postSolution
		{056A4A17-AB4D-402A-B4EC-C0FAF90459B9}.Debug|Any CPU.ActiveCfg = Debug|Any CPU
		{056A4A17-AB4D-402A-B4EC-C0FAF90459B9}.Debug|Any CPU.Build.0 = Debug|Any CPU
		{056A4A17-AB4D-402A-B4EC-C0FAF90459B9}.Release|Any CPU.ActiveCfg = Release|Any CPU
		{056A4A17-AB4D-402A-B4EC-C0FAF90459B9}.Release|Any CPU.Build.0 = Release|Any CPU
		{21AD27AE-E3CC-47F6-AC82-41A7A05EBE1D}.Debug|Any CPU.ActiveCfg = Debug|Any CPU
		{21AD27AE-E3CC-47F6-AC82-41A7A05EBE1D}.Debug|Any CPU.Build.0 = Debug|Any CPU
		{21AD27AE-E3CC-47F6-AC82-41A7A05EBE1D}.Release|Any CPU.ActiveCfg = Release|Any CPU
		{21AD27AE-E3CC-47F6-AC82-41A7A05EBE1D}.Release|Any CPU.Build.0 = Release|Any CPU
	EndGlobalSection
	GlobalSection(SolutionProperties) = preSolution
		HideSolutionNode = FALSE
	EndGlobalSection
	GlobalSection(ExtensibilityGlobals) = postSolution
		SolutionGuid = {3DC8322C-36DC-4091-855C-6CD6860D7BAC}
	EndGlobalSection
EndGlobal
